{
  "requires": true,
  "lockfileVersion": 1,
  "dependencies": {
    "kioskboard": {
      "version": "2.2.0",
      "resolved": "https://registry.npmjs.org/kioskboard/-/kioskboard-2.2.0.tgz",
      "integrity": "sha512-yCHnvMNiEu/SpK3+5WxMmoMwGVU479Lnh0JWpmCDOmyI4lPPNXa7cquEgp0lmWGl+1Z+0Fv0A3sEH4hwr2jn3Q=="
    }
  }
}
